<?xml version="1.0" encoding="utf-8"?>
<Project ToolsVersion="4.0" xmlns="http://schemas.microsoft.com/developer/msbuild/2003">
  <ItemGroup>
    <Filter Include="Source Files">
      <UniqueIdentifier>{4FC737F1-C7A5-4376-A066-2A32D752A2FF}</UniqueIdentifier>
      <Extensions>cpp;c;cc;cxx;def;odl;idl;hpj;bat;asm;asmx</Extensions>
    </Filter>
    <Filter Include="Header Files">
      <UniqueIdentifier>{93995380-89BD-4b04-88EB-625FBE52EBFB}</UniqueIdentifier>
      <Extensions>h;hpp;hxx;hm;inl;inc;xsd</Extensions>
    </Filter>
    <Filter Include="Resource Files">
      <UniqueIdentifier>{67DA6AB6-F800-4c08-8B7A-83BB121AAD01}</UniqueIdentifier>
      <Extensions>rc;ico;cur;bmp;dlg;rc2;rct;bin;rgs;gif;jpg;jpeg;jpe;resx;tiff;tif;png;wav</Extensions>
    </Filter>
    <Filter Include="Resource Files\Widgets">
      <UniqueIdentifier>{9890ef4c-e66a-4ee4-a1c0-f2156c160d7b}</UniqueIdentifier>
    </Filter>
    <Filter Include="Resource Files\GUIHelperClasses">
      <UniqueIdentifier>{c3a8f3bf-163e-4605-af2d-d4d6b5f39833}</UniqueIdentifier>
    </Filter>
  </ItemGroup>
  <ItemGroup>
    <ClCompile Include="edprofile.cpp">
      <Filter>Source Files</Filter>
    </ClCompile>
    <ClCompile Include="genbackground.cpp">
      <Filter>Source Files</Filter>
    </ClCompile>
    <ClCompile Include="graphtoolkit.cpp">
      <Filter>Source Files</Filter>
    </ClCompile>
    <ClCompile Include="main.cpp">
      <Filter>Source Files</Filter>
    </ClCompile>
    <ClCompile Include="UIsettings.cpp">
      <Filter>Source Files</Filter>
    </ClCompile>
    <ClCompile Include="UnicodeChars.cpp">
      <Filter>Source Files</Filter>
    </ClCompile>
    <ClCompile Include="Background.cpp">
      <Filter>Resource Files</Filter>
    </ClCompile>
    <ClCompile Include="DataManip.cpp">
      <Filter>Resource Files</Filter>
    </ClCompile>
    <ClCompile Include="ErrorTableWindow.cpp">
      <Filter>Resource Files</Filter>
    </ClCompile>
    <ClCompile Include="ExportGraph.cpp">
      <Filter>Resource Files</Filter>
    </ClCompile>
    <ClCompile Include="ExternalModelDialog.cpp">
      <Filter>Resource Files</Filter>
    </ClCompile>
    <ClCompile Include="ExtractBackground.cpp">
      <Filter>Resource Files</Filter>
    </ClCompile>
    <ClCompile Include="ExtractBaseline.cpp">
      <Filter>Resource Files</Filter>
    </ClCompile>
    <ClCompile Include="FormFactor.cpp">
      <Filter>Resource Files</Filter>
    </ClCompile>
    <ClCompile Include="OpeningWindow.cpp">
      <Filter>Resource Files</Filter>
    </ClCompile>
    <ClCompile Include="ResultsWindow.cpp">
      <Filter>Resource Files</Filter>
    </ClCompile>
    <ClCompile Include="SignalSeries.cpp">
      <Filter>Resource Files</Filter>
    </ClCompile>
    <ClCompile Include="SmoothWindow.cpp">
      <Filter>Resource Files</Filter>
    </ClCompile>
    <ClCompile Include="StructureFactor.cpp">
      <Filter>Resource Files</Filter>
    </ClCompile>
    <ClCompile Include="OpenGLControl.cpp">
      <Filter>Resource Files\Widgets</Filter>
    </ClCompile>
    <ClCompile Include="signalFile.cpp">
      <Filter>Resource Files\GUIHelperClasses</Filter>
    </ClCompile>
  </ItemGroup>
  <ItemGroup>
    <ClInclude Include="clrfunctionality.h">
      <Filter>Header Files</Filter>
    </ClInclude>
    <ClInclude Include="edprofile.h">
      <Filter>Header Files</Filter>
    </ClInclude>
    <ClInclude Include="genbackground.h">
      <Filter>Header Files</Filter>
    </ClInclude>
    <ClInclude Include="graphtoolkit.h">
      <Filter>Header Files</Filter>
    </ClInclude>
    <ClInclude Include="resource.h">
      <Filter>Header Files</Filter>
    </ClInclude>
    <ClInclude Include="UIsettings.h">
      <Filter>Header Files</Filter>
    </ClInclude>
    <ClInclude Include="UnicodeChars.h">
      <Filter>Header Files</Filter>
    </ClInclude>
    <ClInclude Include="About.h">
      <Filter>Resource Files</Filter>
    </ClInclude>
    <ClInclude Include="DataManip.h">
      <Filter>Resource Files</Filter>
    </ClInclude>
    <ClInclude Include="ErrorTableWindow.h">
      <Filter>Resource Files</Filter>
    </ClInclude>
    <ClInclude Include="ExportGraph.h">
      <Filter>Resource Files</Filter>
    </ClInclude>
    <ClInclude Include="ExternalModelDialog.h">
      <Filter>Resource Files</Filter>
    </ClInclude>
    <ClInclude Include="ExtractBackground.h">
      <Filter>Resource Files</Filter>
    </ClInclude>
    <ClInclude Include="ExtractBaseline.h">
      <Filter>Resource Files</Filter>
    </ClInclude>
    <ClInclude Include="FitRange.h">
      <Filter>Resource Files</Filter>
    </ClInclude>
    <ClInclude Include="FormFactor.h">
      <Filter>Resource Files</Filter>
    </ClInclude>
    <ClInclude Include="OpeningWindow.h">
      <Filter>Resource Files</Filter>
    </ClInclude>
    <ClInclude Include="ResultsWindow.h">
      <Filter>Resource Files</Filter>
    </ClInclude>
    <ClInclude Include="SignalSeries.h">
      <Filter>Resource Files</Filter>
    </ClInclude>
    <ClInclude Include="SmoothWindow.h">
      <Filter>Resource Files</Filter>
    </ClInclude>
    <ClInclude Include="OpenGLControl.h">
      <Filter>Resource Files\Widgets</Filter>
    </ClInclude>
    <ClInclude Include="WGTControl.h">
      <Filter>Resource Files\Widgets</Filter>
    </ClInclude>
    <ClInclude Include="GUIHelperClasses.h">
      <Filter>Resource Files\GUIHelperClasses</Filter>
    </ClInclude>
    <ClInclude Include="signalFile.h">
      <Filter>Resource Files\GUIHelperClasses</Filter>
    </ClInclude>
  </ItemGroup>
  <ItemGroup>
    <ResourceCompile Include="GUI-CLR.rc">
      <Filter>Resource Files</Filter>
    </ResourceCompile>
  </ItemGroup>
  <ItemGroup>
    <Image Include="..\icon.bmp">
      <Filter>Resource Files</Filter>
    </Image>
    <Image Include="..\smallicon.ico">
      <Filter>Resource Files</Filter>
    </Image>
    <Image Include="..\xraytools32.ico">
      <Filter>Resource Files</Filter>
    </Image>
  </ItemGroup>
  <ItemGroup>
    <None Include="ClassDiagram1.cd" />
  </ItemGroup>
</Project>